
Microsoft Visual Studio Solution File, Format Version 12.00
# Visual Studio 2013
VisualStudioVersion = 12.0.21005.1
MinimumVisualStudioVersion = 10.0.40219.1
Project("{8BC9CEB8-8B4A-11D0-8D11-00A0C91BC942}") = "1.2 Color Analysis", "1.2 Color Analysis\1.2 Color Analysis.vcxproj", "{B48B2055-0BCD-41BA-B2EF-1FF241444CDB}"
EndProject
Project("{8BC9CEB8-8B4A-11D0-8D11-00A0C91BC942}") = "1.1 Gray Scale Histograms", "1.1 Gray Scale Histograms\1.1 Gray Scale Histograms.vcxproj", "{238C57A8-353D-41C6-8C20-5EBB0118B157}"
EndProject
Project("{8BC9CEB8-8B4A-11D0-8D11-00A0C91BC942}") = "1.3 Interactive Color Histograms", "1.3 Interactive Color Histograms\1.3 Interactive Color Histograms.vcxproj", "{5AA64E72-054F-47E8-98D3-C6979CE4C21F}"
EndProject
Project("{8BC9CEB8-8B4A-11D0-8D11-00A0C91BC942}") = "1.4 Pixel Manipulation", "1.4 Pixel Manipulation\1.4 Pixel Manipulation.vcxproj", "{E5D0D9FC-173C-43CA-A584-437032DD454C}"
EndProject
Project("{8BC9CEB8-8B4A-11D0-8D11-00A0C91BC942}") = "2.1 Image Filters", "2.1 Image Filters\2.1 Image Filters.vcxproj", "{3463B793-DF18-413A-97FB-0D1193206313}"
EndProject
Project("{8BC9CEB8-8B4A-11D0-8D11-00A0C91BC942}") = "2.2 Gradients", "2.2 Gradients\2.2 Gradients.vcxproj", "{3A64B0BD-52D7-4CB7-99E7-CA4FF4406BDD}"
EndProject
Global
	GlobalSection(SolutionConfigurationPlatforms) = preSolution
		Debug|Mixed Platforms = Debug|Mixed Platforms
		Debug|Win32 = Debug|Win32
		Debug|x64 = Debug|x64
		Release|Mixed Platforms = Release|Mixed Platforms
		Release|Win32 = Release|Win32
		Release|x64 = Release|x64
	EndGlobalSection
	GlobalSection(ProjectConfigurationPlatforms) = postSolution
		{B48B2055-0BCD-41BA-B2EF-1FF241444CDB}.Debug|Mixed Platforms.ActiveCfg = Debug|Win32
		{B48B2055-0BCD-41BA-B2EF-1FF241444CDB}.Debug|Mixed Platforms.Build.0 = Debug|Win32
		{B48B2055-0BCD-41BA-B2EF-1FF241444CDB}.Debug|Win32.ActiveCfg = Debug|x64
		{B48B2055-0BCD-41BA-B2EF-1FF241444CDB}.Debug|Win32.Build.0 = Debug|x64
		{B48B2055-0BCD-41BA-B2EF-1FF241444CDB}.Debug|x64.ActiveCfg = Debug|x64
		{B48B2055-0BCD-41BA-B2EF-1FF241444CDB}.Debug|x64.Build.0 = Debug|x64
		{B48B2055-0BCD-41BA-B2EF-1FF241444CDB}.Release|Mixed Platforms.ActiveCfg = Release|Win32
		{B48B2055-0BCD-41BA-B2EF-1FF241444CDB}.Release|Mixed Platforms.Build.0 = Release|Win32
		{B48B2055-0BCD-41BA-B2EF-1FF241444CDB}.Release|Win32.ActiveCfg = Release|x64
		{B48B2055-0BCD-41BA-B2EF-1FF241444CDB}.Release|Win32.Build.0 = Release|x64
		{B48B2055-0BCD-41BA-B2EF-1FF241444CDB}.Release|x64.ActiveCfg = Release|x64
		{B48B2055-0BCD-41BA-B2EF-1FF241444CDB}.Release|x64.Build.0 = Release|x64
		{238C57A8-353D-41C6-8C20-5EBB0118B157}.Debug|Mixed Platforms.ActiveCfg = Debug|Win32
		{238C57A8-353D-41C6-8C20-5EBB0118B157}.Debug|Mixed Platforms.Build.0 = Debug|Win32
		{238C57A8-353D-41C6-8C20-5EBB0118B157}.Debug|Win32.ActiveCfg = Debug|Win32
		{238C57A8-353D-41C6-8C20-5EBB0118B157}.Debug|Win32.Build.0 = Debug|Win32
		{238C57A8-353D-41C6-8C20-5EBB0118B157}.Debug|x64.ActiveCfg = Debug|x64
		{238C57A8-353D-41C6-8C20-5EBB0118B157}.Debug|x64.Build.0 = Debug|x64
		{238C57A8-353D-41C6-8C20-5EBB0118B157}.Release|Mixed Platforms.ActiveCfg = Release|Win32
		{238C57A8-353D-41C6-8C20-5EBB0118B157}.Release|Mixed Platforms.Build.0 = Release|Win32
		{238C57A8-353D-41C6-8C20-5EBB0118B157}.Release|Win32.ActiveCfg = Release|x64
		{238C57A8-353D-41C6-8C20-5EBB0118B157}.Release|Win32.Build.0 = Release|x64
		{238C57A8-353D-41C6-8C20-5EBB0118B157}.Release|x64.ActiveCfg = Release|x64
		{238C57A8-353D-41C6-8C20-5EBB0118B157}.Release|x64.Build.0 = Release|x64
		{5AA64E72-054F-47E8-98D3-C6979CE4C21F}.Debug|Mixed Platforms.ActiveCfg = Debug|Win32
		{5AA64E72-054F-47E8-98D3-C6979CE4C21F}.Debug|Mixed Platforms.Build.0 = Debug|Win32
		{5AA64E72-054F-47E8-98D3-C6979CE4C21F}.Debug|Win32.ActiveCfg = Debug|Win32
		{5AA64E72-054F-47E8-98D3-C6979CE4C21F}.Debug|Win32.Build.0 = Debug|Win32
		{5AA64E72-054F-47E8-98D3-C6979CE4C21F}.Debug|x64.ActiveCfg = Debug|x64
		{5AA64E72-054F-47E8-98D3-C6979CE4C21F}.Debug|x64.Build.0 = Debug|x64
		{5AA64E72-054F-47E8-98D3-C6979CE4C21F}.Release|Mixed Platforms.ActiveCfg = Release|Win32
		{5AA64E72-054F-47E8-98D3-C6979CE4C21F}.Release|Mixed Platforms.Build.0 = Release|Win32
		{5AA64E72-054F-47E8-98D3-C6979CE4C21F}.Release|Win32.ActiveCfg = Release|Win32
		{5AA64E72-054F-47E8-98D3-C6979CE4C21F}.Release|Win32.Build.0 = Release|Win32
		{5AA64E72-054F-47E8-98D3-C6979CE4C21F}.Release|x64.ActiveCfg = Release|x64
		{5AA64E72-054F-47E8-98D3-C6979CE4C21F}.Release|x64.Build.0 = Release|x64
		{E5D0D9FC-173C-43CA-A584-437032DD454C}.Debug|Mixed Platforms.ActiveCfg = Debug|Win32
		{E5D0D9FC-173C-43CA-A584-437032DD454C}.Debug|Mixed Platforms.Build.0 = Debug|Win32
		{E5D0D9FC-173C-43CA-A584-437032DD454C}.Debug|Win32.ActiveCfg = Debug|Win32
		{E5D0D9FC-173C-43CA-A584-437032DD454C}.Debug|Win32.Build.0 = Debug|Win32
		{E5D0D9FC-173C-43CA-A584-437032DD454C}.Debug|x64.ActiveCfg = Debug|x64
		{E5D0D9FC-173C-43CA-A584-437032DD454C}.Debug|x64.Build.0 = Debug|x64
		{E5D0D9FC-173C-43CA-A584-437032DD454C}.Release|Mixed Platforms.ActiveCfg = Release|Win32
		{E5D0D9FC-173C-43CA-A584-437032DD454C}.Release|Mixed Platforms.Build.0 = Release|Win32
		{E5D0D9FC-173C-43CA-A584-437032DD454C}.Release|Win32.ActiveCfg = Release|Win32
		{E5D0D9FC-173C-43CA-A584-437032DD454C}.Release|Win32.Build.0 = Release|Win32
		{E5D0D9FC-173C-43CA-A584-437032DD454C}.Release|x64.ActiveCfg = Release|x64
		{E5D0D9FC-173C-43CA-A584-437032DD454C}.Release|x64.Build.0 = Release|x64
		{3463B793-DF18-413A-97FB-0D1193206313}.Debug|Mixed Platforms.ActiveCfg = Debug|Win32
		{3463B793-DF18-413A-97FB-0D1193206313}.Debug|Mixed Platforms.Build.0 = Debug|Win32
		{3463B793-DF18-413A-97FB-0D1193206313}.Debug|Win32.ActiveCfg = Debug|Win32
		{3463B793-DF18-413A-97FB-0D1193206313}.Debug|Win32.Build.0 = Debug|Win32
		{3463B793-DF18-413A-97FB-0D1193206313}.Debug|x64.ActiveCfg = Debug|x64
		{3463B793-DF18-413A-97FB-0D1193206313}.Debug|x64.Build.0 = Debug|x64
		{3463B793-DF18-413A-97FB-0D1193206313}.Release|Mixed Platforms.ActiveCfg = Release|Win32
		{3463B793-DF18-413A-97FB-0D1193206313}.Release|Mixed Platforms.Build.0 = Release|Win32
		{3463B793-DF18-413A-97FB-0D1193206313}.Release|Win32.ActiveCfg = Release|Win32
		{3463B793-DF18-413A-97FB-0D1193206313}.Release|Win32.Build.0 = Release|Win32
		{3463B793-DF18-413A-97FB-0D1193206313}.Release|x64.ActiveCfg = Release|x64
		{3463B793-DF18-413A-97FB-0D1193206313}.Release|x64.Build.0 = Release|x64
		{3A64B0BD-52D7-4CB7-99E7-CA4FF4406BDD}.Debug|Mixed Platforms.ActiveCfg = Debug|Win32
		{3A64B0BD-52D7-4CB7-99E7-CA4FF4406BDD}.Debug|Mixed Platforms.Build.0 = Debug|Win32
		{3A64B0BD-52D7-4CB7-99E7-CA4FF4406BDD}.Debug|Win32.ActiveCfg = Debug|Win32
		{3A64B0BD-52D7-4CB7-99E7-CA4FF4406BDD}.Debug|Win32.Build.0 = Debug|Win32
		{3A64B0BD-52D7-4CB7-99E7-CA4FF4406BDD}.Debug|x64.ActiveCfg = Debug|x64
		{3A64B0BD-52D7-4CB7-99E7-CA4FF4406BDD}.Debug|x64.Build.0 = Debug|x64
		{3A64B0BD-52D7-4CB7-99E7-CA4FF4406BDD}.Release|Mixed Platforms.ActiveCfg = Release|Win32
		{3A64B0BD-52D7-4CB7-99E7-CA4FF4406BDD}.Release|Mixed Platforms.Build.0 = Release|Win32
		{3A64B0BD-52D7-4CB7-99E7-CA4FF4406BDD}.Release|Win32.ActiveCfg = Release|Win32
		{3A64B0BD-52D7-4CB7-99E7-CA4FF4406BDD}.Release|Win32.Build.0 = Release|Win32
		{3A64B0BD-52D7-4CB7-99E7-CA4FF4406BDD}.Release|x64.ActiveCfg = Release|x64
		{3A64B0BD-52D7-4CB7-99E7-CA4FF4406BDD}.Release|x64.Build.0 = Release|x64
	EndGlobalSection
	GlobalSection(SolutionProperties) = preSolution
		HideSolutionNode = FALSE
	EndGlobalSection
EndGlobal
